
Microsoft Visual Studio Solution File, Format Version 12.00
# Visual Studio Version 17
VisualStudioVersion = 17.3.32929.385
MinimumVisualStudioVersion = 10.0.40219.1
Project("{FAE04EC0-301F-11D3-BF4B-00C04F79EFBC}") = "WowHeadParser", "WowHeadParser\WowHeadParser.csproj", "{017A8055-0E2B-475C-A318-AD96BF782B19}"
EndProject
Project("{FAE04EC0-301F-11D3-BF4B-00C04F79EFBC}") = "WOWSharp.Community", "WOWSharp.Community\WOWSharp.Community.csproj", "{1E3C4CB8-8E3B-4301-AD38-60CB071D5A67}"
EndProject
Global
	GlobalSection(SolutionConfigurationPlatforms) = preSolution
		Debug|Any CPU = Debug|Any CPU
		Release|Any CPU = Release|Any CPU
	EndGlobalSection
	GlobalSection(ProjectConfigurationPlatforms) = postSolution
		{017A8055-0E2B-475C-A318-AD96BF782B19}.Debug|Any CPU.ActiveCfg = Debug|x64
		{017A8055-0E2B-475C-A318-AD96BF782B19}.Debug|Any CPU.Build.0 = Debug|x64
		{017A8055-0E2B-475C-A318-AD96BF782B19}.Release|Any CPU.ActiveCfg = Release|Any CPU
		{017A8055-0E2B-475C-A318-AD96BF782B19}.Release|Any CPU.Build.0 = Release|Any CPU
		{1E3C4CB8-8E3B-4301-AD38-60CB071D5A67}.Debug|Any CPU.ActiveCfg = Debug|Any CPU
		{1E3C4CB8-8E3B-4301-AD38-60CB071D5A67}.Debug|Any CPU.Build.0 = Debug|Any CPU
		{1E3C4CB8-8E3B-4301-AD38-60CB071D5A67}.Release|Any CPU.ActiveCfg = Release|Any CPU
		{1E3C4CB8-8E3B-4301-AD38-60CB071D5A67}.Release|Any CPU.Build.0 = Release|Any CPU
	EndGlobalSection
	GlobalSection(SolutionProperties) = preSolution
		HideSolutionNode = FALSE
	EndGlobalSection
	GlobalSection(ExtensibilityGlobals) = postSolution
		SolutionGuid = {6E5FD935-E50D-44E2-9CF6-AD5CA7234537}
	EndGlobalSection
EndGlobal
